PODS:
  - Realm (2.4.3):
    - Realm/Headers (= 2.4.3)
  - Realm/Headers (2.4.3)
  - RealmSwift (2.4.3):
    - Realm (= 2.4.3)

DEPENDENCIES:
  - RealmSwift

SPEC CHECKSUMS:
  Realm: e08d60b0048ccccd3949c8c28a92c4db5712d7e9
  RealmSwift: 30d49739ccb3385d201242736ca4dda56aec9dfc

PODFILE CHECKSUM: fd6b1841e8d4bb8da9f2ec19028ba7b71884e1cc

COCOAPODS: 1.2.0
