// !$*UTF8*$!
{
	archiveVersion = 1;
	classes = {
	};
	objectVersion = 46;
	objects = {

/* Begin PBXBuildFile section */
		8AD9FD029A90677AC280DB06 /* Pods_03_02_RealmInstallByCocoaPods.framework in Frameworks */ = {isa = PBXBuildFile; fileRef = B45283196F077BD2B558FB56 /* Pods_03_02_RealmInstallByCocoaPods.framework */; };
		9A2A93A51E7D0B4E0040E324 /* AppDelegate.swift in Sources */ = {isa = PBXBuildFile; fileRef = 9A2A93A41E7D0B4E0040E324 /* AppDelegate.swift */; };
		9A2A93A71E7D0B4E0040E324 /* ViewController.swift in Sources */ = {isa = PBXBuildFile; fileRef = 9A2A93A61E7D0B4E0040E324 /* ViewController.swift */; };
		9A2A93AA1E7D0B4E0040E324 /* Main.storyboard in Resources */ = {isa = PBXBuildFile; fileRef = 9A2A93A81E7D0B4E0040E324 /* Main.storyboard */; };
		9A2A93AC1E7D0B4E0040E324 /* Assets.xcassets in Resources */ = {isa = PBXBuildFile; fileRef = 9A2A93AB1E7D0B4E0040E324 /* Assets.xcassets */; };
		9A2A93AF1E7D0B4E0040E324 /* LaunchScreen.storyboard in Resources */ = {isa = PBXBuildFile; fileRef = 9A2A93AD1E7D0B4E0040E324 /* LaunchScreen.storyboard */; };
/* End PBXBuildFile section */

/* Begin PBXFileReference section */
		410A906085B92D5E1DAD1770 /* Pods-03_02_RealmInstallByCocoaPods.release.xcconfig */ = {isa = PBXFileReference; includeInIndex = 1; lastKnownFileType = text.xcconfig; name = "Pods-03_02_RealmInstallByCocoaPods.release.xcconfig"; path = "Pods/Target Support Files/Pods-03_02_RealmInstallByCocoaPods/Pods-03_02_RealmInstallByCocoaPods.release.xcconfig"; sourceTree = "<group>"; };
		9A2A93A11E7D0B4E0040E324 /* 03_02_RealmInstallByCocoaPods.app */ = {isa = PBXFileReference; explicitFileType = wrapper.application; includeInIndex = 0; path = 03_02_RealmInstallByCocoaPods.app; sourceTree = BUILT_PRODUCTS_DIR; };
		9A2A93A41E7D0B4E0040E324 /* AppDelegate.swift */ = {isa = PBXFileReference; lastKnownFileType = sourcecode.swift; path = AppDelegate.swift; sourceTree = "<group>"; };
		9A2A93A61E7D0B4E0040E324 /* ViewController.swift */ = {isa = PBXFileReference; lastKnownFileType = sourcecode.swift; path = ViewController.swift; sourceTree = "<group>"; };
		9A2A93A91E7D0B4E0040E324 /* Base */ = {isa = PBXFileReference; lastKnownFileType = file.storyboard; name = Base; path = Base.lproj/Main.storyboard; sourceTree = "<group>"; };
		9A2A93AB1E7D0B4E0040E324 /* Assets.xcassets */ = {isa = PBXFileReference; lastKnownFileType = folder.assetcatalog; path = Assets.xcassets; sourceTree = "<group>"; };
		9A2A93AE1E7D0B4E0040E324 /* Base */ = {isa = PBXFileReference; lastKnownFileType = file.storyboard; name = Base; path = Base.lproj/LaunchScreen.storyboard; sourceTree = "<group>"; };
		9A2A93B01E7D0B4E0040E324 /* Info.plist */ = {isa = PBXFileReference; lastKnownFileType = text.plist.xml; path = Info.plist; sourceTree = "<group>"; };
		B45283196F077BD2B558FB56 /* Pods_03_02_RealmInstallByCocoaPods.framework */ = {isa = PBXFileReference; explicitFileType = wrapper.framework; includeInIndex = 0; path = Pods_03_02_RealmInstallByCocoaPods.framework; sourceTree = BUILT_PRODUCTS_DIR; };
		D219841041B6CB159C52BF7B /* Pods-03_02_RealmInstallByCocoaPods.debug.xcconfig */ = {isa = PBXFileReference; includeInIndex = 1; lastKnownFileType = text.xcconfig; name = "Pods-03_02_RealmInstallByCocoaPods.debug.xcconfig"; path = "Pods/Target Support Files/Pods-03_02_RealmInstallByCocoaPods/Pods-03_02_RealmInstallByCocoaPods.debug.xcconfig"; sourceTree = "<group>"; };
/* End PBXFileReference section */

/* Begin PBXFrameworksBuildPhase section */
		9A2A939E1E7D0B4D0040E324 /* Frameworks */ = {
			isa = PBXFrameworksBuildPhase;
			buildActionMask = 2147483647;
			files = (
				8AD9FD029A90677AC280DB06 /* Pods_03_02_RealmInstallByCocoaPods.framework in Frameworks */,
			);
			runOnlyForDeploymentPostprocessing = 0;
		};
/* End PBXFrameworksBuildPhase section */

/* Begin PBXGroup section */
		11C3D6871E89EE824221CC3A /* Pods */ = {
			isa = PBXGroup;
			children = (
				D219841041B6CB159C52BF7B /* Pods-03_02_RealmInstallByCocoaPods.debug.xcconfig */,
				410A906085B92D5E1DAD1770 /* Pods-03_02_RealmInstallByCocoaPods.release.xcconfig */,
			);
			name = Pods;
			sourceTree = "<group>";
		};
		6CA48DF777F51C80947D9E85 /* Frameworks */ = {
			isa = PBXGroup;
			children = (
				B45283196F077BD2B558FB56 /* Pods_03_02_RealmInstallByCocoaPods.framework */,
			);
			name = Frameworks;
			sourceTree = "<group>";
		};
		9A2A93981E7D0B4D0040E324 = {
			isa = PBXGroup;
			children = (
				9A2A93A31E7D0B4E0040E324 /* 03_02_RealmInstallByCocoaPods */,
				9A2A93A21E7D0B4E0040E324 /* Products */,
				11C3D6871E89EE824221CC3A /* Pods */,
				6CA48DF777F51C80947D9E85 /* Frameworks */,
			);
			sourceTree = "<group>";
		};
		9A2A93A21E7D0B4E0040E324 /* Products */ = {
			isa = PBXGroup;
			children = (
				9A2A93A11E7D0B4E0040E324 /* 03_02_RealmInstallByCocoaPods.app */,
			);
			name = Products;
			sourceTree = "<group>";
		};
		9A2A93A31E7D0B4E0040E324 /* 03_02_RealmInstallByCocoaPods */ = {
			isa = PBXGroup;
			children = (
				9A2A93A41E7D0B4E0040E324 /* AppDelegate.swift */,
				9A2A93A61E7D0B4E0040E324 /* ViewController.swift */,
				9A2A93A81E7D0B4E0040E324 /* Main.storyboard */,
				9A2A93AB1E7D0B4E0040E324 /* Assets.xcassets */,
				9A2A93AD1E7D0B4E0040E324 /* LaunchScreen.storyboard */,
				9A2A93B01E7D0B4E0040E324 /* Info.plist */,
			);
			path = 03_02_RealmInstallByCocoaPods;
			sourceTree = "<group>";
		};
/* End PBXGroup section */

/* Begin PBXNativeTarget section */
		9A2A93A01E7D0B4D0040E324 /* 03_02_RealmInstallByCocoaPods */ = {
			isa = PBXNativeTarget;
			buildConfigurationList = 9A2A93B31E7D0B4E0040E324 /* Build configuration list for PBXNativeTarget "03_02_RealmInstallByCocoaPods" */;
			buildPhases = (
				622724E9DD56E55665D49665 /* [CP] Check Pods Manifest.lock */,
				9A2A939D1E7D0B4D0040E324 /* Sources */,
				9A2A939E1E7D0B4D0040E324 /* Frameworks */,
				9A2A939F1E7D0B4D0040E324 /* Resources */,
				D46614EAE6652A742C0F0FD6 /* [CP] Embed Pods Frameworks */,
				946667477760E85C4C5BA9C2 /* [CP] Copy Pods Resources */,
			);
			buildRules = (
			);
			dependencies = (
			);
			name = 03_02_RealmInstallByCocoaPods;
			productName = 03_02_RealmInstallByCocoaPods;
			productReference = 9A2A93A11E7D0B4E0040E324 /* 03_02_RealmInstallByCocoaPods.app */;
			productType = "com.apple.product-type.application";
		};
/* End PBXNativeTarget section */

/* Begin PBXProject section */
		9A2A93991E7D0B4D0040E324 /* Project object */ = {
			isa = PBXProject;
			attributes = {
				LastSwiftUpdateCheck = 0820;
				LastUpgradeCheck = 0820;
				ORGANIZATIONNAME = IkkiTakahashi;
				TargetAttributes = {
					9A2A93A01E7D0B4D0040E324 = {
						CreatedOnToolsVersion = 8.2.1;
						DevelopmentTeam = 68682W8R4T;
						ProvisioningStyle = Automatic;
					};
				};
			};
			buildConfigurationList = 9A2A939C1E7D0B4D0040E324 /* Build configuration list for PBXProject "03_02_RealmInstallByCocoaPods" */;
			compatibilityVersion = "Xcode 3.2";
			developmentRegion = English;
			hasScannedForEncodings = 0;
			knownRegions = (
				en,
				Base,
			);
			mainGroup = 9A2A93981E7D0B4D0040E324;
			productRefGroup = 9A2A93A21E7D0B4E0040E324 /* Products */;
			projectDirPath = "";
			projectRoot = "";
			targets = (
				9A2A93A01E7D0B4D0040E324 /* 03_02_RealmInstallByCocoaPods */,
			);
		};
/* End PBXProject section */

/* Begin PBXResourcesBuildPhase section */
		9A2A939F1E7D0B4D0040E324 /* Resources */ = {
			isa = PBXResourcesBuildPhase;
			buildActionMask = 2147483647;
			files = (
				9A2A93AF1E7D0B4E0040E324 /* LaunchScreen.storyboard in Resources */,
				9A2A93AC1E7D0B4E0040E324 /* Assets.xcassets in Resources */,
				9A2A93AA1E7D0B4E0040E324 /* Main.storyboard in Resources */,
			);
			runOnlyForDeploymentPostprocessing = 0;
		};
/* End PBXResourcesBuildPhase section */

/* Begin PBXShellScriptBuildPhase section */
		622724E9DD56E55665D49665 /* [CP] Check Pods Manifest.lock */ = {
			isa = PBXShellScriptBuildPhase;
			buildActionMask = 2147483647;
			files = (
			);
			inputPaths = (
			);
			name = "[CP] Check Pods Manifest.lock";
			outputPaths = (
			);
			runOnlyForDeploymentPostprocessing = 0;
			shellPath = /bin/sh;
			shellScript = "diff \"${PODS_ROOT}/../Podfile.lock\" \"${PODS_ROOT}/Manifest.lock\" > /dev/null\nif [ $? != 0 ] ; then\n    # print error to STDERR\n    echo \"error: The sandbox is not in sync with the Podfile.lock. Run 'pod install' or update your CocoaPods installation.\" >&2\n    exit 1\nfi\n";
			showEnvVarsInLog = 0;
		};
		946667477760E85C4C5BA9C2 /* [CP] Copy Pods Resources */ = {
			isa = PBXShellScriptBuildPhase;
			buildActionMask = 2147483647;
			files = (
			);
			inputPaths = (
			);
			name = "[CP] Copy Pods Resources";
			outputPaths = (
			);
			runOnlyForDeploymentPostprocessing = 0;
			shellPath = /bin/sh;
			shellScript = "\"${SRCROOT}/Pods/Target Support Files/Pods-03_02_RealmInstallByCocoaPods/Pods-03_02_RealmInstallByCocoaPods-resources.sh\"\n";
			showEnvVarsInLog = 0;
		};
		D46614EAE6652A742C0F0FD6 /* [CP] Embed Pods Frameworks */ = {
			isa = PBXShellScriptBuildPhase;
			buildActionMask = 2147483647;
			files = (
			);
			inputPaths = (
			);
			name = "[CP] Embed Pods Frameworks";
			outputPaths = (
			);
			runOnlyForDeploymentPostprocessing = 0;
			shellPath = /bin/sh;
			shellScript = "\"${SRCROOT}/Pods/Target Support Files/Pods-03_02_RealmInstallByCocoaPods/Pods-03_02_RealmInstallByCocoaPods-frameworks.sh\"\n";
			showEnvVarsInLog = 0;
		};
/* End PBXShellScriptBuildPhase section */

/* Begin PBXSourcesBuildPhase section */
		9A2A939D1E7D0B4D0040E324 /* Sources */ = {
			isa = PBXSourcesBuildPhase;
			buildActionMask = 2147483647;
			files = (
				9A2A93A71E7D0B4E0040E324 /* ViewController.swift in Sources */,
				9A2A93A51E7D0B4E0040E324 /* AppDelegate.swift in Sources */,
			);
			runOnlyForDeploymentPostprocessing = 0;
		};
/* End PBXSourcesBuildPhase section */

/* Begin PBXVariantGroup section */
		9A2A93A81E7D0B4E0040E324 /* Main.storyboard */ = {
			isa = PBXVariantGroup;
			children = (
				9A2A93A91E7D0B4E0040E324 /* Base */,
			);
			name = Main.storyboard;
			sourceTree = "<group>";
		};
		9A2A93AD1E7D0B4E0040E324 /* LaunchScreen.storyboard */ = {
			isa = PBXVariantGroup;
			children = (
				9A2A93AE1E7D0B4E0040E324 /* Base */,
			);
			name = LaunchScreen.storyboard;
			sourceTree = "<group>";
		};
/* End PBXVariantGroup section */

/* Begin XCBuildConfiguration section */
		9A2A93B11E7D0B4E0040E324 /* Debug */ = {
			isa = XCBuildConfiguration;
			buildSettings = {
				ALWAYS_SEARCH_USER_PATHS = NO;
				CLANG_ANALYZER_NONNULL = YES;
				CLANG_CXX_LANGUAGE_STANDARD = "gnu++0x";
				CLANG_CXX_LIBRARY = "libc++";
				CLANG_ENABLE_MODULES = YES;
				CLANG_ENABLE_OBJC_ARC = YES;
				CLANG_WARN_BOOL_CONVERSION = YES;
				CLANG_WARN_CONSTANT_CONVERSION = YES;
				CLANG_WARN_DIRECT_OBJC_ISA_USAGE = YES_ERROR;
				CLANG_WARN_DOCUMENTATION_COMMENTS = YES;
				CLANG_WARN_EMPTY_BODY = YES;
				CLANG_WARN_ENUM_CONVERSION = YES;
				CLANG_WARN_INFINITE_RECURSION = YES;
				CLANG_WARN_INT_CONVERSION = YES;
				CLANG_WARN_OBJC_ROOT_CLASS = YES_ERROR;
				CLANG_WARN_SUSPICIOUS_MOVE = YES;
				CLANG_WARN_UNREACHABLE_CODE = YES;
				CLANG_WARN__DUPLICATE_METHOD_MATCH = YES;
				"CODE_SIGN_IDENTITY[sdk=iphoneos*]" = "iPhone Developer";
				COPY_PHASE_STRIP = NO;
				DEBUG_INFORMATION_FORMAT = dwarf;
				ENABLE_STRICT_OBJC_MSGSEND = YES;
				ENABLE_TESTABILITY = YES;
				GCC_C_LANGUAGE_STANDARD = gnu99;
				GCC_DYNAMIC_NO_PIC = NO;
				GCC_NO_COMMON_BLOCKS = YES;
				GCC_OPTIMIZATION_LEVEL = 0;
				GCC_PREPROCESSOR_DEFINITIONS = (
					"DEBUG=1",
					"$(inherited)",
				);
				GCC_WARN_64_TO_32_BIT_CONVERSION = YES;
				GCC_WARN_ABOUT_RETURN_TYPE = YES_ERROR;
				GCC_WARN_UNDECLARED_SELECTOR = YES;
				GCC_WARN_UNINITIALIZED_AUTOS = YES_AGGRESSIVE;
				GCC_WARN_UNUSED_FUNCTION = YES;
				GCC_WARN_UNUSED_VARIABLE = YES;
				IPHONEOS_DEPLOYMENT_TARGET = 10.2;
				MTL_ENABLE_DEBUG_INFO = YES;
				ONLY_ACTIVE_ARCH = YES;
				SDKROOT = iphoneos;
				SWIFT_ACTIVE_COMPILATION_CONDITIONS = DEBUG;
				SWIFT_OPTIMIZATION_LEVEL = "-Onone";
			};
			name = Debug;
		};
		9A2A93B21E7D0B4E0040E324 /* Release */ = {
			isa = XCBuildConfiguration;
			buildSettings = {
				ALWAYS_SEARCH_USER_PATHS = NO;
				CLANG_ANALYZER_NONNULL = YES;
				CLANG_CXX_LANGUAGE_STANDARD = "gnu++0x";
				CLANG_CXX_LIBRARY = "libc++";
				CLANG_ENABLE_MODULES = YES;
				CLANG_ENABLE_OBJC_ARC = YES;
				CLANG_WARN_BOOL_CONVERSION = YES;
				CLANG_WARN_CONSTANT_CONVERSION = YES;
				CLANG_WARN_DIRECT_OBJC_ISA_USAGE = YES_ERROR;
				CLANG_WARN_DOCUMENTATION_COMMENTS = YES;
				CLANG_WARN_EMPTY_BODY = YES;
				CLANG_WARN_ENUM_CONVERSION = YES;
				CLANG_WARN_INFINITE_RECURSION = YES;
				CLANG_WARN_INT_CONVERSION = YES;
				CLANG_WARN_OBJC_ROOT_CLASS = YES_ERROR;
				CLANG_WARN_SUSPICIOUS_MOVE = YES;
				CLANG_WARN_UNREACHABLE_CODE = YES;
				CLANG_WARN__DUPLICATE_METHOD_MATCH = YES;
				"CODE_SIGN_IDENTITY[sdk=iphoneos*]" = "iPhone Developer";
				COPY_PHASE_STRIP = NO;
				DEBUG_INFORMATION_FORMAT = "dwarf-with-dsym";
				ENABLE_NS_ASSERTIONS = NO;
				ENABLE_STRICT_OBJC_MSGSEND = YES;
				GCC_C_LANGUAGE_STANDARD = gnu99;
				GCC_NO_COMMON_BLOCKS = YES;
				GCC_WARN_64_TO_32_BIT_CONVERSION = YES;
				GCC_WARN_ABOUT_RETURN_TYPE = YES_ERROR;
				GCC_WARN_UNDECLARED_SELECTOR = YES;
				GCC_WARN_UNINITIALIZED_AUTOS = YES_AGGRESSIVE;
				GCC_WARN_UNUSED_FUNCTION = YES;
				GCC_WARN_UNUSED_VARIABLE = YES;
				IPHONEOS_DEPLOYMENT_TARGET = 10.2;
				MTL_ENABLE_DEBUG_INFO = NO;
				SDKROOT = iphoneos;
				SWIFT_OPTIMIZATION_LEVEL = "-Owholemodule";
				VALIDATE_PRODUCT = YES;
			};
			name = Release;
		};
		9A2A93B41E7D0B4E0040E324 /* Debug */ = {
			isa = XCBuildConfiguration;
			baseConfigurationReference = D219841041B6CB159C52BF7B /* Pods-03_02_RealmInstallByCocoaPods.debug.xcconfig */;
			buildSettings = {
				ASSETCATALOG_COMPILER_APPICON_NAME = AppIcon;
				DEVELOPMENT_TEAM = 68682W8R4T;
				INFOPLIST_FILE = 03_02_RealmInstallByCocoaPods/Info.plist;
				LD_RUNPATH_SEARCH_PATHS = "$(inherited) @executable_path/Frameworks";
				PRODUCT_BUNDLE_IDENTIFIER = "jp.ikkitang1211.-3-02-RealmInstallByCocoaPods";
				PRODUCT_NAME = "$(TARGET_NAME)";
				SWIFT_VERSION = 3.0;
			};
			name = Debug;
		};
		9A2A93B51E7D0B4E0040E324 /* Release */ = {
			isa = XCBuildConfiguration;
			baseConfigurationReference = 410A906085B92D5E1DAD1770 /* Pods-03_02_RealmInstallByCocoaPods.release.xcconfig */;
			buildSettings = {
				ASSETCATALOG_COMPILER_APPICON_NAME = AppIcon;
				DEVELOPMENT_TEAM = 68682W8R4T;
				INFOPLIST_FILE = 03_02_RealmInstallByCocoaPods/Info.plist;
				LD_RUNPATH_SEARCH_PATHS = "$(inherited) @executable_path/Frameworks";
				PRODUCT_BUNDLE_IDENTIFIER = "jp.ikkitang1211.-3-02-RealmInstallByCocoaPods";
				PRODUCT_NAME = "$(TARGET_NAME)";
				SWIFT_VERSION = 3.0;
			};
			name = Release;
		};
/* End XCBuildConfiguration section */

/* Begin XCConfigurationList section */
		9A2A939C1E7D0B4D0040E324 /* Build configuration list for PBXProject "03_02_RealmInstallByCocoaPods" */ = {
			isa = XCConfigurationList;
			buildConfigurations = (
				9A2A93B11E7D0B4E0040E324 /* Debug */,
				9A2A93B21E7D0B4E0040E324 /* Release */,
			);
			defaultConfigurationIsVisible = 0;
			defaultConfigurationName = Release;
		};
		9A2A93B31E7D0B4E0040E324 /* Build configuration list for PBXNativeTarget "03_02_RealmInstallByCocoaPods" */ = {
			isa = XCConfigurationList;
			buildConfigurations = (
				9A2A93B41E7D0B4E0040E324 /* Debug */,
				9A2A93B51E7D0B4E0040E324 /* Release */,
			);
			defaultConfigurationIsVisible = 0;
		};
/* End XCConfigurationList section */
	};
	rootObject = 9A2A93991E7D0B4D0040E324 /* Project object */;
}
